
Microsoft Visual Studio Solution File, Format Version 12.00
# Visual Studio Version 16
VisualStudioVersion = 16.0.33927.289
MinimumVisualStudioVersion = 10.0.40219.1
Project("{8BC9CEB8-8B4A-11D0-8D11-00A0C91BC942}") = "Misc20", "Misc20.vcxproj", "{25C5F03C-C265-4E5F-B2B1-2F28BD4D1F42}"
EndProject
Global
	GlobalSection(SolutionConfigurationPlatforms) = preSolution
		Debug|x64 = Debug|x64
		Debug|x86 = Debug|x86
		Release|x64 = Release|x64
		Release|x86 = Release|x86
	EndGlobalSection
	GlobalSection(ProjectConfigurationPlatforms) = postSolution
		{25C5F03C-C265-4E5F-B2B1-2F28BD4D1F42}.Debug|x64.ActiveCfg = Debug|x64
		{25C5F03C-C265-4E5F-B2B1-2F28BD4D1F42}.Debug|x64.Build.0 = Debug|x64
		{25C5F03C-C265-4E5F-B2B1-2F28BD4D1F42}.Debug|x86.ActiveCfg = Debug|Win32
		{25C5F03C-C265-4E5F-B2B1-2F28BD4D1F42}.Debug|x86.Build.0 = Debug|Win32
		{25C5F03C-C265-4E5F-B2B1-2F28BD4D1F42}.Release|x64.ActiveCfg = Release|x64
		{25C5F03C-C265-4E5F-B2B1-2F28BD4D1F42}.Release|x64.Build.0 = Release|x64
		{25C5F03C-C265-4E5F-B2B1-2F28BD4D1F42}.Release|x86.ActiveCfg = Release|Win32
		{25C5F03C-C265-4E5F-B2B1-2F28BD4D1F42}.Release|x86.Build.0 = Release|Win32
	EndGlobalSection
	GlobalSection(SolutionProperties) = preSolution
		HideSolutionNode = FALSE
	EndGlobalSection
	GlobalSection(ExtensibilityGlobals) = postSolution
		SolutionGuid = {E37B5180-34CC-4ADE-B2FC-3120952839E4}
	EndGlobalSection
EndGlobal
