<?xml version="1.0" encoding="utf-8"?>
<Project ToolsVersion="4.0" xmlns="http://schemas.microsoft.com/developer/msbuild/2003">
  <ItemGroup>
    <ClCompile Include="src_3\11_basics_join.cpp" />
    <ClCompile Include="src_3\12_basics_detach.cpp" />
    <ClCompile Include="src_3\14_unique_lock.cpp" />
    <ClCompile Include="src_3\15_lock_guard.cpp" />
    <ClCompile Include="src_3\16_lock_for_deadlock.cpp" />
    <ClCompile Include="src_3\17_scoped_lock_c17.cpp" />
    <ClCompile Include="src_3\21_future_get_some_ways.cpp" />
    <ClCompile Include="src_3\22_future_some_cases.cpp" />
    <ClCompile Include="src_3\23_promise.cpp" />
    <ClCompile Include="src_3\25_shared_future.cpp" />
    <ClCompile Include="src_3\27_future_fire_and_forget.cpp" />
    <ClCompile Include="src_3\30_condition_variable.cpp" />
    <ClCompile Include="src_3\32_cv_wait_for.cpp" />
    <ClCompile Include="src_3\34_condition_variable_any.cpp" />
    <ClCompile Include="src_3\36_packaged_task_creations.cpp" />
    <ClCompile Include="src_3\38_packaged_task_over_promise.cpp" />
    <ClCompile Include="src_3\40_packaged_task_vs_async.cpp" />
    <ClCompile Include="src_3\51_recursive_mutex.cpp" />
    <ClCompile Include="src_3\42_shared_lock_2.cpp" />
    <ClCompile Include="src_3\46_shared_timed_mutex_two.cpp" />
    <ClCompile Include="src_3\49_shared_lock_difficult.cpp" />
    <ClCompile Include="src_3\41_shared_mutex.cpp" />
    <ClCompile Include="src_3\47_shared_timed_mutex.cpp" />
    <ClCompile Include="src_3\43_timed_mutex.cpp" />
    <ClCompile Include="src_3\44_timed_mutex_two.cpp" />
    <ClCompile Include="src_3\55_prvalue_xvalue.cpp" />
    <ClCompile Include="src_3\96_readme_practice.cpp" />
    <ClCompile Include="src_3\98_readme_resources.cpp" />
    <ClCompile Include="src_3\99_read_code.cpp" />
    <ClCompile Include="src_3\13_thread_basics.cpp" />
    <ClCompile Include="src_3\56_yield_vs_sleep_for.cpp" />
    <ClCompile Include="src_4_atomic\11_atomic.cpp" />
    <ClCompile Include="src_4_atomic\12_atomic_basics.cpp" />
    <ClCompile Include="src_4_atomic\14_atomic_memory_order.cpp" />
    <ClCompile Include="src_4_atomic\16_atomic_spinlock.cpp" />
    <ClCompile Include="src_4_atomic\21_atomic_compare_exchange_strong.cpp" />
    <ClCompile Include="src_4_atomic\22_atomic_compare_exchange_weak.cpp" />
    <ClCompile Include="src_4_atomic\24_atomic_udt_one.cpp" />
    <ClCompile Include="src_4_atomic\25_atomic_load_shared_ptr.cpp" />
    <ClCompile Include="src_4_atomic\27_shared_ptr_multithreading.cpp" />
    <ClCompile Include="src_4_atomic\28_atomic_shared_ptr.cpp" />
    <ClCompile Include="src_4_atomic\29_atomic_int.cpp" />
    <ClCompile Include="src_4_atomic\31_atomic_wait.cpp" />
    <ClCompile Include="src_4_atomic\33_atomic_ref.cpp" />
    <ClCompile Include="src_5_cplus20\10_async.cpp" />
    <ClCompile Include="src_5_cplus20\11_scoped_lock.cpp" />
    <ClCompile Include="src_5_cplus20\12_osyncstream.cpp" />
    <ClCompile Include="src_5_cplus20\14_jthread.cpp" />
    <ClCompile Include="src_5_cplus20\15_unique_lock_param_deduction.cpp" />
    <ClCompile Include="src_5_cplus20\21_jthread_stop_token.cpp" />
    <ClCompile Include="src_5_cplus20\23_request_stop.cpp" />
    <ClCompile Include="src_5_cplus20\25_latch.cpp" />
    <ClCompile Include="src_5_cplus20\26_latch_barrier.cpp" />
    <ClCompile Include="src_5_cplus20\27_latch_barrier_on_completion_one.cpp" />
    <ClCompile Include="src_5_cplus20\30_sem_theory.cpp" />
    <ClCompile Include="src_5_cplus20\31_sem_counting_semaphore.cpp" />
    <ClCompile Include="src_5_cplus20\33_sem_binary_semaphore.cpp" />
    <ClCompile Include="src_5_cplus20\35_sem_binary_semaphore_ex1.cpp" />
    <ClCompile Include="src_5_cplus20\37_sem_user_defined.cpp" />
    <ClCompile Include="src_5_cplus20\readme_cplus20.cpp" />
    <ClCompile Include="src_1_concepts\raii.cpp">
      <Filter>src_1_concepts</Filter>
    </ClCompile>
    <ClCompile Include="src_1_concepts\extra_scope.cpp">
      <Filter>src_1_concepts</Filter>
    </ClCompile>
    <ClCompile Include="src_1_concepts\deadlock.cpp">
      <Filter>src_1_concepts</Filter>
    </ClCompile>
    <ClCompile Include="src_1_concepts\datarace.cpp">
      <Filter>src_1_concepts</Filter>
    </ClCompile>
    <ClCompile Include="src_2_problems\101_writing_file_two_threads_osyncstream.cpp">
      <Filter>src_2_problems</Filter>
    </ClCompile>
    <ClCompile Include="src_2_problems\201_is_thread_running_by_future.cpp">
      <Filter>src_2_problems</Filter>
    </ClCompile>
    <ClCompile Include="src_2_problems\202_is_thread_running_by_joinable.cpp">
      <Filter>src_2_problems</Filter>
    </ClCompile>
    <ClCompile Include="src_2_problems\203_is_thread_running_by_flag.cpp">
      <Filter>src_2_problems</Filter>
    </ClCompile>
    <ClCompile Include="src_2_problems\251_thread_pause_by_class.cpp">
      <Filter>src_2_problems</Filter>
    </ClCompile>
    <ClCompile Include="src_2_problems\252_thread_pause_multithreading.cpp">
      <Filter>src_2_problems</Filter>
    </ClCompile>
    <ClCompile Include="src_2_problems\271_thread_stop.cpp">
      <Filter>src_2_problems</Filter>
    </ClCompile>
    <ClCompile Include="src_2_problems\272_thread_stop_atomic_bool.cpp">
      <Filter>src_2_problems</Filter>
    </ClCompile>
    <ClCompile Include="src_2_problems\281_waitForMultipleObjects_one.cpp">
      <Filter>src_2_problems</Filter>
    </ClCompile>
    <ClCompile Include="src_2_problems\282_waitForMultipleObjects_two.cpp">
      <Filter>src_2_problems</Filter>
    </ClCompile>
    <ClCompile Include="src_2_problems\291_thread_pool.cpp">
      <Filter>src_2_problems</Filter>
    </ClCompile>
  </ItemGroup>
  <ItemGroup>
    <Filter Include="src_1_concepts">
      <UniqueIdentifier>{8bade76e-e6ac-43fe-98cd-6d761d69db1f}</UniqueIdentifier>
    </Filter>
    <Filter Include="src_2_problems">
      <UniqueIdentifier>{9b625422-506d-4aa0-b6bd-11aeedf968a0}</UniqueIdentifier>
    </Filter>
    <Filter Include="src_3">
      <UniqueIdentifier>{a78edfab-3d1d-4f19-a6b7-6947e11d1d21}</UniqueIdentifier>
    </Filter>
    <Filter Include="src_4_atomic">
      <UniqueIdentifier>{83c9c598-3a48-481e-aa51-7f2cb337c5e4}</UniqueIdentifier>
    </Filter>
    <Filter Include="src_5_cplus20">
      <UniqueIdentifier>{1ef0d626-90f3-410e-adc3-f8ea9f49ddd0}</UniqueIdentifier>
    </Filter>
  </ItemGroup>
</Project>