
Microsoft Visual Studio Solution File, Format Version 12.00
# Visual Studio Version 16
VisualStudioVersion = 16.0.31424.327
MinimumVisualStudioVersion = 10.0.40219.1
Project("{8BC9CEB8-8B4A-11D0-8D11-00A0C91BC942}") = "sprinf_s_app", "sprinf_s_app\sprinf_s_app.vcxproj", "{CF313B19-EE8D-4344-8D09-6E979B7E4DFE}"
EndProject
Global
	GlobalSection(SolutionConfigurationPlatforms) = preSolution
		Debug|x64 = Debug|x64
		Debug|x86 = Debug|x86
		Release|x64 = Release|x64
		Release|x86 = Release|x86
	EndGlobalSection
	GlobalSection(ProjectConfigurationPlatforms) = postSolution
		{CF313B19-EE8D-4344-8D09-6E979B7E4DFE}.Debug|x64.ActiveCfg = Debug|x64
		{CF313B19-EE8D-4344-8D09-6E979B7E4DFE}.Debug|x64.Build.0 = Debug|x64
		{CF313B19-EE8D-4344-8D09-6E979B7E4DFE}.Debug|x86.ActiveCfg = Debug|Win32
		{CF313B19-EE8D-4344-8D09-6E979B7E4DFE}.Debug|x86.Build.0 = Debug|Win32
		{CF313B19-EE8D-4344-8D09-6E979B7E4DFE}.Release|x64.ActiveCfg = Release|x64
		{CF313B19-EE8D-4344-8D09-6E979B7E4DFE}.Release|x64.Build.0 = Release|x64
		{CF313B19-EE8D-4344-8D09-6E979B7E4DFE}.Release|x86.ActiveCfg = Release|Win32
		{CF313B19-EE8D-4344-8D09-6E979B7E4DFE}.Release|x86.Build.0 = Release|Win32
	EndGlobalSection
	GlobalSection(SolutionProperties) = preSolution
		HideSolutionNode = FALSE
	EndGlobalSection
	GlobalSection(ExtensibilityGlobals) = postSolution
		SolutionGuid = {14334B69-4AB8-45CD-8A67-DE188C58A666}
	EndGlobalSection
EndGlobal
